
Microsoft Visual Studio Solution File, Format Version 12.00
# Visual Studio 15
VisualStudioVersion = 15.0.28307.421
MinimumVisualStudioVersion = 10.0.40219.1
Project("{8BC9CEB8-8B4A-11D0-8D11-00A0C91BC942}") = "DSA lab 4", "DSA lab 4\DSA lab 4.vcxproj", "{04C2F7BC-E12D-4C66-BA89-CF9BCD0E60CD}"
EndProject
Global
	GlobalSection(SolutionConfigurationPlatforms) = preSolution
		Debug|x64 = Debug|x64
		Debug|x86 = Debug|x86
		Release|x64 = Release|x64
		Release|x86 = Release|x86
	EndGlobalSection
	GlobalSection(ProjectConfigurationPlatforms) = postSolution
		{04C2F7BC-E12D-4C66-BA89-CF9BCD0E60CD}.Debug|x64.ActiveCfg = Debug|x64
		{04C2F7BC-E12D-4C66-BA89-CF9BCD0E60CD}.Debug|x64.Build.0 = Debug|x64
		{04C2F7BC-E12D-4C66-BA89-CF9BCD0E60CD}.Debug|x86.ActiveCfg = Debug|Win32
		{04C2F7BC-E12D-4C66-BA89-CF9BCD0E60CD}.Debug|x86.Build.0 = Debug|Win32
		{04C2F7BC-E12D-4C66-BA89-CF9BCD0E60CD}.Release|x64.ActiveCfg = Release|x64
		{04C2F7BC-E12D-4C66-BA89-CF9BCD0E60CD}.Release|x64.Build.0 = Release|x64
		{04C2F7BC-E12D-4C66-BA89-CF9BCD0E60CD}.Release|x86.ActiveCfg = Release|Win32
		{04C2F7BC-E12D-4C66-BA89-CF9BCD0E60CD}.Release|x86.Build.0 = Release|Win32
	EndGlobalSection
	GlobalSection(SolutionProperties) = preSolution
		HideSolutionNode = FALSE
	EndGlobalSection
	GlobalSection(ExtensibilityGlobals) = postSolution
		SolutionGuid = {07428706-4A6B-439D-B889-C0D9C76A5377}
	EndGlobalSection
EndGlobal
